
Microsoft Visual Studio Solution File, Format Version 12.00
# Visual Studio Version 17
VisualStudioVersion = 17.0.32126.317
MinimumVisualStudioVersion = 10.0.40219.1
Project("{FAE04EC0-301F-11D3-BF4B-00C04F79EFBC}") = "ApplicationRepairPhoneEntityFramework", "ApplicationRepairPhoneEntityFramework\ApplicationRepairPhoneEntityFramework.csproj", "{AC2940C1-862D-48E2-BC7D-308788D38153}"
EndProject
Project("{FAE04EC0-301F-11D3-BF4B-00C04F79EFBC}") = "RepaifPhoneDB", "RepaifPhoneDB\RepaifPhoneDB.csproj", "{94592878-84F9-4DE6-B251-C56437484DE3}"
EndProject
Global
	GlobalSection(SolutionConfigurationPlatforms) = preSolution
		Debug|Any CPU = Debug|Any CPU
		Release|Any CPU = Release|Any CPU
	EndGlobalSection
	GlobalSection(ProjectConfigurationPlatforms) = postSolution
		{AC2940C1-862D-48E2-BC7D-308788D38153}.Debug|Any CPU.ActiveCfg = Debug|Any CPU
		{AC2940C1-862D-48E2-BC7D-308788D38153}.Debug|Any CPU.Build.0 = Debug|Any CPU
		{AC2940C1-862D-48E2-BC7D-308788D38153}.Release|Any CPU.ActiveCfg = Release|Any CPU
		{AC2940C1-862D-48E2-BC7D-308788D38153}.Release|Any CPU.Build.0 = Release|Any CPU
		{94592878-84F9-4DE6-B251-C56437484DE3}.Debug|Any CPU.ActiveCfg = Debug|Any CPU
		{94592878-84F9-4DE6-B251-C56437484DE3}.Debug|Any CPU.Build.0 = Debug|Any CPU
		{94592878-84F9-4DE6-B251-C56437484DE3}.Release|Any CPU.ActiveCfg = Release|Any CPU
		{94592878-84F9-4DE6-B251-C56437484DE3}.Release|Any CPU.Build.0 = Release|Any CPU
	EndGlobalSection
	GlobalSection(SolutionProperties) = preSolution
		HideSolutionNode = FALSE
	EndGlobalSection
	GlobalSection(ExtensibilityGlobals) = postSolution
		SolutionGuid = {9C9281A1-B45D-4301-8966-D1D6AB004657}
	EndGlobalSection
EndGlobal
